dependencies:
- name: loki
  repository: https://grafana.github.io/helm-charts/
  version: 6.27.0
- name: kube-state-metrics
  repository: https://prometheus-community.github.io/helm-charts
  version: 5.21.0
digest: sha256:a7e758c41a20fa45804c18a9985cb9dc7065047166dfab27ba2691cb5b5bbeb1
generated: "2025-02-18T14:02:49.123894+01:00"
